dependencies:
- name: repeat-job
  repository: https://salesconnection.github.io/sc-helm-charts
  version: 0.1.2
- name: noti
  repository: https://salesconnection.github.io/sc-helm-charts
  version: 0.1.2
- name: qr-generator
  repository: https://salesconnection.github.io/sc-helm-charts
  version: 0.1.1
digest: sha256:0d07b3542c69688f53a7a66f1c25db2850743b22a91b0c4e09b6cfcb37753362
generated: "2024-10-21T16:26:17.331004+08:00"
