dependencies:
- name: reloader
  repository: https://stakater.github.io/stakater-charts
  version: 1.1.0
- name: repeat-job
  repository: https://salesconnection.github.io/sc-helm-charts
  version: 0.1.0
digest: sha256:35c1672e0a83a9207c873246eeecb3c1cccce9120f7e9d811379d1ca3572a5e5
generated: "2024-09-26T18:28:16.346817+08:00"
