dependencies:
- name: repeat-job
  repository: https://salesconnection.github.io/sc-helm-charts
  version: 0.1.0
- name: noti
  repository: https://salesconnection.github.io/sc-helm-charts
  version: 0.1.0
- name: qr-generator
  repository: https://salesconnection.github.io/sc-helm-charts
  version: 0.1.0
digest: sha256:af5fb0f54edf5235ef20400c8bd988b5fcc98eec855485c0ae34d932b3bf6558
generated: "2024-10-02T17:19:47.94443+08:00"
